# THIS IS AN AUTOGENERATED FILE. DO NOT EDIT THIS FILE DIRECTLY.
# yarn lockfile v1


"@esbuild/darwin-arm64@0.27.0":
  version "0.27.0"
  resolved "https://registry.npmjs.org/@esbuild/darwin-arm64/-/darwin-arm64-0.27.0.tgz"
  integrity sha512-uJOQKYCcHhg07DL7i8MzjvS2LaP7W7Pn/7uA0B5S1EnqAirJtbyw4yC5jQ5qcFjHK9l6o/MX9QisBg12kNkdHg==

"@fullstory/browser@^2.0.6":
  version "2.0.6"
  resolved "https://registry.npmjs.org/@fullstory/browser/-/browser-2.0.6.tgz"
  integrity sha512-5cbZldOkb+KhgAFRQ5iMEoJR+TgKhCBRFiZN3PMHr+++EmHqprtNMyEAGppe02GUkASV4+7s4txghq6nkrRj8Q==
  dependencies:
    "@fullstory/snippet" "2.0.5"

"@fullstory/snippet@2.0.5":
  version "2.0.5"
  resolved "https://registry.npmjs.org/@fullstory/snippet/-/snippet-2.0.5.tgz"
  integrity sha512-33GJ/QhzZNk4q2B6LhU6Siha68NalrkPxdOaqrVZbUp0UyNYf3qHmU3ATTe51Vk/aM2J34ylrItJ7u94PQ16sA==

"@hotwired/stimulus@^3.2.2":
  version "3.2.2"
  resolved "https://registry.npmjs.org/@hotwired/stimulus/-/stimulus-3.2.2.tgz"
  integrity sha512-eGeIqNOQpXoPAIP7tC1+1Yc1yl1xnwYqg+3mzqxyrbE5pg5YFBZcA6YoTiByJB6DKAEsiWtl6tjTJS4IYtbB7A==

"@hotwired/turbo-rails@^8.0.20":
  version "8.0.20"
  resolved "https://registry.npmjs.org/@hotwired/turbo-rails/-/turbo-rails-8.0.20.tgz"
  integrity sha512-4aYkYF9XMKL7ZZPfgElq15+60osZOwMwhztE4myKQYEzCPvaPUxwZH301tOrBNtWUwOD+TNOm1Hrpeaq22RX9A==
  dependencies:
    "@hotwired/turbo" "^8.0.20"
    "@rails/actioncable" ">=7.0"

"@hotwired/turbo@^8.0.20":
  version "8.0.20"
  resolved "https://registry.npmjs.org/@hotwired/turbo/-/turbo-8.0.20.tgz"
  integrity sha512-IilkH/+h92BRLeY/rMMR3MUh1gshIfdra/qZzp/Bl5FmiALD/6sQZK/ecxSbumeyOYiWr/JRI+Au1YQmkJGnoA==

"@kurkle/color@^0.3.0":
  version "0.3.4"
  resolved "https://registry.npmjs.org/@kurkle/color/-/color-0.3.4.tgz"
  integrity sha512-M5UknZPHRu3DEDWoipU6sE8PdkZ6Z/S+v4dD+Ke8IaNlpdSQah50lz1KtcFBa2vsdOnwbbnxJwVM4wty6udA5w==

"@rails/actioncable@>=7.0":
  version "8.1.100"
  resolved "https://registry.npmjs.org/@rails/actioncable/-/actioncable-8.1.100.tgz"
  integrity sha512-j4vJQqz51CDVYv2UafKRu4jiZi5/gTnm7NkyL+VMIgEw3s8jtVtmzu9uItUaZccUg9NJ6o05yVyBAHxNfTuCRA==

"@rails/activestorage@^8.1.100":
  version "8.1.100"
  resolved "https://registry.npmjs.org/@rails/activestorage/-/activestorage-8.1.100.tgz"
  integrity sha512-rlZg23KYT7JFYXl1tj1WD9nm/yvtUvZT6pzNMVX+HaOjPyGq8xpEv1ADrrhawkbMktKxRj3xDVZ3d/qy0akHvw==
  dependencies:
    spark-md5 "^3.0.1"

chart.js@^4.5.1, chart.js@>=2.8.0, chart.js@4:
  version "4.5.1"
  resolved "https://registry.npmjs.org/chart.js/-/chart.js-4.5.1.tgz"
  integrity sha512-GIjfiT9dbmHRiYi6Nl2yFCq7kkwdkp1W/lp2J99rX0yo9tgJGn3lKQATztIjb5tVtevcBtIdICNWqlq5+E8/Pw==
  dependencies:
    "@kurkle/color" "^0.3.0"

chartjs-adapter-date-fns@>=3:
  version "3.0.0"
  resolved "https://registry.npmjs.org/chartjs-adapter-date-fns/-/chartjs-adapter-date-fns-3.0.0.tgz"
  integrity sha512-Rs3iEB3Q5pJ973J93OBTpnP7qoGwvq3nUnoMdtxO+9aoJof7UFcRbWcIDteXuYd1fgAvct/32T9qaLyLuZVwCg==

chartkick@^5.0.1:
  version "5.0.1"
  resolved "https://registry.npmjs.org/chartkick/-/chartkick-5.0.1.tgz"
  integrity sha512-4F3tWI3eBQgnjCYZIZ+fHOaJuNyxeyhDE2Tm+voOWB19hDjSJceys/spzN52DOn8bWepNESGXvPVTGU1jeFsbA==
  optionalDependencies:
    chart.js "4"
    chartjs-adapter-date-fns ">=3"
    date-fns ">=2"

date-fns@>=2, date-fns@>=2.0.0:
  version "4.1.0"
  resolved "https://registry.npmjs.org/date-fns/-/date-fns-4.1.0.tgz"
  integrity sha512-Ukq0owbQXxa/U3EGtsdVBkR1w7KOQ5gIBqdH2hkvknzZPYvBxb/aa6E8L7tmjFtkwZBu3UXBbjIgPo/Ez4xaNg==

esbuild@^0.27.0:
  version "0.27.0"
  resolved "https://registry.npmjs.org/esbuild/-/esbuild-0.27.0.tgz"
  integrity sha512-jd0f4NHbD6cALCyGElNpGAOtWxSq46l9X/sWB0Nzd5er4Kz2YTm+Vl0qKFT9KUJvD8+fiO8AvoHhFvEatfVixA==
  optionalDependencies:
    "@esbuild/aix-ppc64" "0.27.0"
    "@esbuild/android-arm" "0.27.0"
    "@esbuild/android-arm64" "0.27.0"
    "@esbuild/android-x64" "0.27.0"
    "@esbuild/darwin-arm64" "0.27.0"
    "@esbuild/darwin-x64" "0.27.0"
    "@esbuild/freebsd-arm64" "0.27.0"
    "@esbuild/freebsd-x64" "0.27.0"
    "@esbuild/linux-arm" "0.27.0"
    "@esbuild/linux-arm64" "0.27.0"
    "@esbuild/linux-ia32" "0.27.0"
    "@esbuild/linux-loong64" "0.27.0"
    "@esbuild/linux-mips64el" "0.27.0"
    "@esbuild/linux-ppc64" "0.27.0"
    "@esbuild/linux-riscv64" "0.27.0"
    "@esbuild/linux-s390x" "0.27.0"
    "@esbuild/linux-x64" "0.27.0"
    "@esbuild/netbsd-arm64" "0.27.0"
    "@esbuild/netbsd-x64" "0.27.0"
    "@esbuild/openbsd-arm64" "0.27.0"
    "@esbuild/openbsd-x64" "0.27.0"
    "@esbuild/openharmony-arm64" "0.27.0"
    "@esbuild/sunos-x64" "0.27.0"
    "@esbuild/win32-arm64" "0.27.0"
    "@esbuild/win32-ia32" "0.27.0"
    "@esbuild/win32-x64" "0.27.0"

gsap@^3.14.2:
  version "3.14.2"
  resolved "https://registry.npmjs.org/gsap/-/gsap-3.14.2.tgz"
  integrity sha512-P8/mMxVLU7o4+55+1TCnQrPmgjPKnwkzkXOK1asnR9Jg2lna4tEY5qBJjMmAaOBDDZWtlRjBXjLa0w53G/uBLA==

prettier@3.6.2:
  version "3.6.2"
  resolved "https://registry.npmjs.org/prettier/-/prettier-3.6.2.tgz"
  integrity sha512-I7AIg5boAr5R0FFtJ6rCfD+LFsWHp81dolrFD8S79U9tb8Az2nGrJncnMSnys+bpQJfRUzqs9hnA81OAA3hCuQ==

spark-md5@^3.0.1:
  version "3.0.2"
  resolved "https://registry.npmjs.org/spark-md5/-/spark-md5-3.0.2.tgz"
  integrity sha512-wcFzz9cDfbuqe0FZzfi2or1sgyIrsDwmPwfZC4hiNidPdPINjeUwNfv5kldczoEAcjl9Y1L3SM7Uz2PUEQzxQw==

xp.css@^0.2.6:
  version "0.2.6"
  resolved "https://registry.npmjs.org/xp.css/-/xp.css-0.2.6.tgz"
  integrity sha512-v0qUB4wOvyXIMLNid5bIpm+0n5aL4i8wE5dqJH8LNVxE04PxUUxjwf2rNzengegUIK03XC4vbfLVCPAfMLtuqA==
